// !$*UTF8*$!
{
	archiveVersion = 1;
	classes = {
	};
	objectVersion = 50;
	objects = {

/* Begin PBXFileReference section */
		04BA9F6E22B9DEC000D52312 /* temp.storyboard */ = {isa = PBXFileReference; lastKnownFileType = file.storyboard; path = temp.storyboard; sourceTree = "<group>"; };
		04BA9F6F22B9DEC500D52312 /* temp.xcassets */ = {isa = PBXFileReference; lastKnownFileType = folder.assetcatalog; path = temp.xcassets; sourceTree = "<group>"; };
/* End PBXFileReference section */

/* Begin PBXGroup section */
		04BA9F6222B9D66700D52312 = {
			isa = PBXGroup;
			children = (
				04BA9F6F22B9DEC500D52312 /* temp.xcassets */,
				04BA9F6E22B9DEC000D52312 /* temp.storyboard */,
			);
			sourceTree = "<group>";
		};
/* End PBXGroup section */

/* Begin PBXProject section */
		04BA9F6322B9D66700D52312 /* Project object */ = {
			isa = PBXProject;
			attributes = {
				LastUpgradeCheck = 1020;
			};
			buildConfigurationList = 04BA9F6622B9D66700D52312 /* Build configuration list for PBXProject "temp" */;
			compatibilityVersion = "Xcode 9.3";
			developmentRegion = en;
			hasScannedForEncodings = 0;
			knownRegions = (
				en,
			);
			mainGroup = 04BA9F6222B9D66700D52312;
			projectDirPath = "";
			projectRoot = "";
			targets = (
			);
		};
/* End PBXProject section */

/* Begin XCBuildConfiguration section */
		04BA9F6722B9D66700D52312 /* Debug */ = {
			isa = XCBuildConfiguration;
			buildSettings = {
			};
			name = Debug;
		};
		04BA9F6822B9D66700D52312 /* Release */ = {
			isa = XCBuildConfiguration;
			buildSettings = {
			};
			name = Release;
		};
/* End XCBuildConfiguration section */

/* Begin XCConfigurationList section */
		04BA9F6622B9D66700D52312 /* Build configuration list for PBXProject "temp" */ = {
			isa = XCConfigurationList;
			buildConfigurations = (
				04BA9F6722B9D66700D52312 /* Debug */,
				04BA9F6822B9D66700D52312 /* Release */,
			);
			defaultConfigurationIsVisible = 0;
			defaultConfigurationName = Release;
		};
/* End XCConfigurationList section */
	};
	rootObject = 04BA9F6322B9D66700D52312 /* Project object */;
}
